github.com/dreego-stack/dreego v0.6.6 h1:xgcFjNDUc8u9tLoUTzUr42uZ5nOh2AdlGpUSXccYbIY=
github.com/dreego-stack/dreego v0.6.6/go.mod h1:7ggBSyGwx59mJA9cdJXvCpgKjYSqSQb9Xnm4GK0+UIg=
golang.org/x/text v0.22.0 h1:bofq7m3/HAFvbF51jz3Q9wLg3jkvSPuiZu/pD1XwgtM=
golang.org/x/text v0.22.0/go.mod h1:YRoo4H8PVmsu+E3Ou7cqLVH8oXWIHVoX0jqUWALQhfY=
